{
  "version": 4,
  "terraform_version": "1.0.3",
  "serial": 232,
  "lineage": "e3ca3c9a-c5a5-7947-13aa-6b90ee4f90c1",
  "outputs": {},
  "resources": [
    {
      "mode": "managed",
      "type": "google_compute_firewall",
      "name": "default",
      "provider": "provider[\"registry.terraform.io/hashicorp/google\"]",
      "instances": [
        {
          "schema_version": 1,
          "attributes": {
            "allow": [
              {
                "ports": [
                  "80",
                  "8080",
                  "1000-2000"
                ],
                "protocol": "tcp"
              },
              {
                "ports": [],
                "protocol": "icmp"
              }
            ],
            "creation_timestamp": "2021-07-31T23:32:23.707-07:00",
            "deny": [],
            "description": "",
            "destination_ranges": [],
            "direction": "INGRESS",
            "disabled": false,
            "enable_logging": null,
            "id": "projects/gcptf-320808/global/firewalls/bookshelf",
            "log_config": [],
            "name": "bookshelf",
            "network": "https://www.googleapis.com/compute/v1/projects/gcptf-320808/global/networks/default",
            "priority": 1000,
            "project": "gcptf-320808",
            "self_link": "https://www.googleapis.com/compute/v1/projects/gcptf-320808/global/firewalls/bookshelf",
            "source_ranges": [],
            "source_service_accounts": [],
            "source_tags": [
              "web"
            ],
            "target_service_accounts": [],
            "target_tags": [],
            "timeouts": null
          },
          "sensitive_attributes": [],
          "private": "eyJlMmJmYjczMC1lY2FhLTExZTYtOGY4OC0zNDM2M2JjN2M0YzAiOnsiY3JlYXRlIjoyNDAwMDAwMDAwMDAsImRlbGV0ZSI6MjQwMDAwMDAwMDAwLCJ1cGRhdGUiOjI0MDAwMDAwMDAwMH0sInNjaGVtYV92ZXJzaW9uIjoiMSJ9"
        }
      ]
    },
    {
      "mode": "managed",
      "type": "google_compute_instance_group_manager",
      "name": "appserver",
      "provider": "provider[\"registry.terraform.io/hashicorp/google\"]",
      "instances": [
        {
          "schema_version": 0,
          "attributes": {
            "auto_healing_policies": [],
            "base_instance_name": "bs-instance",
            "description": "",
            "fingerprint": "eANLAt-Mf-o=",
            "id": "projects/gcptf-320808/zones/us-central1-a/instanceGroupManagers/igm",
            "instance_group": "https://www.googleapis.com/compute/v1/projects/gcptf-320808/zones/us-central1-a/instanceGroups/igm",
            "name": "igm",
            "named_port": [
              {
                "name": "custom",
                "port": 5100
              }
            ],
            "operation": null,
            "project": "gcptf-320808",
            "self_link": "https://www.googleapis.com/compute/v1/projects/gcptf-320808/zones/us-central1-a/instanceGroupManagers/igm",
            "stateful_disk": [],
            "status": [
              {
                "is_stable": true,
                "stateful": [
                  {
                    "has_stateful_config": false,
                    "per_instance_configs": [
                      {
                        "all_effective": true
                      }
                    ]
                  }
                ],
                "version_target": [
                  {
                    "is_reached": true
                  }
                ]
              }
            ],
            "target_pools": [],
            "target_size": 2,
            "timeouts": null,
            "update_policy": [
              {
                "max_surge_fixed": 1,
                "max_surge_percent": 0,
                "max_unavailable_fixed": 1,
                "max_unavailable_percent": 0,
                "min_ready_sec": 0,
                "minimal_action": "REPLACE",
                "replacement_method": "SUBSTITUTE",
                "type": "OPPORTUNISTIC"
              }
            ],
            "version": [
              {
                "instance_template": "https://www.googleapis.com/compute/v1/projects/gcptf-320808/global/instanceTemplates/tf-python-template",
                "name": "",
                "target_size": []
              }
            ],
            "wait_for_instances": false,
            "wait_for_instances_status": "STABLE",
            "zone": "us-central1-a"
          },
          "sensitive_attributes": [],
          "private": "eyJlMmJmYjczMC1lY2FhLTExZTYtOGY4OC0zNDM2M2JjN2M0YzAiOnsiY3JlYXRlIjozMDAwMDAwMDAwMDAsImRlbGV0ZSI6OTAwMDAwMDAwMDAwLCJ1cGRhdGUiOjMwMDAwMDAwMDAwMH19",
          "dependencies": [
            "google_compute_instance_template.tpl"
          ]
        }
      ]
    },
    {
      "mode": "managed",
      "type": "google_compute_instance_template",
      "name": "tpl",
      "provider": "provider[\"registry.terraform.io/hashicorp/google\"]",
      "instances": [
        {
          "schema_version": 1,
          "attributes": {
            "advanced_machine_features": [],
            "can_ip_forward": false,
            "confidential_instance_config": [],
            "description": "",
            "disk": [
              {
                "auto_delete": true,
                "boot": true,
                "device_name": "persistent-disk-0",
                "disk_encryption_key": [],
                "disk_name": "",
                "disk_size_gb": 10,
                "disk_type": "pd-standard",
                "interface": "SCSI",
                "labels": {},
                "mode": "READ_WRITE",
                "resource_policies": [],
                "source": "",
                "source_image": "projects/debian-cloud/global/images/family/debian-9",
                "type": "PERSISTENT"
              }
            ],
            "enable_display": null,
            "guest_accelerator": [],
            "id": "projects/gcptf-320808/global/instanceTemplates/tf-python-template",
            "instance_description": "",
            "labels": null,
            "machine_type": "f1-micro",
            "metadata": {},
            "metadata_fingerprint": "UPAWq1ey8P4=",
            "metadata_startup_script": "#! /bin/bash\n# Copyright 2015 Google Inc.\n#\n# Licensed under the Apache License, Version 2.0 (the \"License\");\n# you may not use this file except in compliance with the License.\n# You may obtain a copy of the License at\n#\n#     http://www.apache.org/licenses/LICENSE-2.0\n#\n# Unless required by applicable law or agreed to in writing, software\n# distributed under the License is distributed on an \"AS IS\" BASIS,\n# WITHOUT WARRANTIES OR CONDITIONS OF ANY KIND, either express or implied.\n# See the License for the specific language governing permissions and\n# limitations under the License.\n\n# [START startup]\nset -v\n# Install logging monitor. The monitor will automatically pickup logs sent to\n# syslog.\n# [START logging]\ncurl -s \"https://storage.googleapis.com/signals-agents/logging/google-fluentd-install.sh\" | bash\nservice google-fluentd restart \u0026\n# [END logging]\n\n# Install dependencies from apt\napt-get update\napt-get install -yq \\\n    git build-essential supervisor python python-dev python-pip libffi-dev \\\n    libssl-dev\n\n# Create a pythonapp user. The application will run as this user.\nuseradd -m -d /home/pythonapp pythonapp\n\n# pip from apt is out of date, so make it update itself and install virtualenv.\npip install --upgrade pip virtualenv\n\n# Get the source code from the Google Cloud Repository\n# git requires $HOME and it's not set during the startup script.\nexport HOME=/root\ngit config --global credential.helper gcloud.sh\ngit clone -b steps https://github.com/GoogleCloudPlatform/getting-started-python.git /opt/app\n\n# Install app dependencies\nvirtualenv -p python3 /opt/app/7-gce/env\nsource /opt/app/7-gce/env/bin/activate\n/opt/app/7-gce/env/bin/pip install -r /opt/app/7-gce/requirements.txt\n\n# Make sure the pythonapp user owns the application code\nchown -R pythonapp:pythonapp /opt/app\n\n# Configure supervisor to start gunicorn inside of our virtualenv and run the\n# application.\ncat \u003e/etc/supervisor/conf.d/python-app.conf \u003c\u003c EOF\n[program:pythonapp]\ndirectory=/opt/app/7-gce\ncommand=/opt/app/7-gce/env/bin/honcho start -f ./procfile worker bookshelf\nautostart=true\nautorestart=true\nuser=pythonapp\n# Environment variables ensure that the application runs inside of the\n# configured virtualenv.\nenvironment=VIRTUAL_ENV=\"/opt/app/7-gce/env\",PATH=\"/opt/app/7-gce/env/bin\",\\\n    HOME=\"/home/pythonapp\",USER=\"pythonapp\"\nstdout_logfile=syslog\nstderr_logfile=syslog\nEOF\n\nsupervisorctl reread\nsupervisorctl update\n\n# Application should now be running under supervisor\n# [END startup]\n",
            "min_cpu_platform": "",
            "name": "tf-python-template",
            "name_prefix": null,
            "network_interface": [
              {
                "access_config": [
                  {
                    "nat_ip": "",
                    "network_tier": "PREMIUM",
                    "public_ptr_domain_name": ""
                  }
                ],
                "alias_ip_range": [],
                "name": "nic0",
                "network": "https://www.googleapis.com/compute/v1/projects/gcptf-320808/global/networks/default",
                "network_ip": "",
                "nic_type": "",
                "subnetwork": "",
                "subnetwork_project": ""
              }
            ],
            "project": "gcptf-320808",
            "region": null,
            "reservation_affinity": [],
            "scheduling": [
              {
                "automatic_restart": true,
                "min_node_cpus": 0,
                "node_affinities": [],
                "on_host_maintenance": "MIGRATE",
                "preemptible": false
              }
            ],
            "self_link": "https://www.googleapis.com/compute/beta/projects/gcptf-320808/global/instanceTemplates/tf-python-template",
            "service_account": [
              {
                "email": "31714074129-compute@developer.gserviceaccount.com",
                "scopes": [
                  "https://www.googleapis.com/auth/cloud-platform"
                ]
              }
            ],
            "shielded_instance_config": [],
            "tags": [
              "htpps",
              "http"
            ],
            "tags_fingerprint": "",
            "timeouts": null
          },
          "sensitive_attributes": [],
          "private": "eyJlMmJmYjczMC1lY2FhLTExZTYtOGY4OC0zNDM2M2JjN2M0YzAiOnsiY3JlYXRlIjoyNDAwMDAwMDAwMDAsImRlbGV0ZSI6MjQwMDAwMDAwMDAwfSwic2NoZW1hX3ZlcnNpb24iOiIxIn0="
        }
      ]
    },
    {
      "mode": "managed",
      "type": "google_compute_network",
      "name": "default",
      "provider": "provider[\"registry.terraform.io/hashicorp/google\"]",
      "instances": [
        {
          "schema_version": 0,
          "attributes": {
            "auto_create_subnetworks": true,
            "delete_default_routes_on_create": false,
            "description": "",
            "gateway_ipv4": "",
            "id": "projects/gcptf-320808/global/networks/tf-network",
            "mtu": 0,
            "name": "tf-network",
            "project": "gcptf-320808",
            "routing_mode": "GLOBAL",
            "self_link": "https://www.googleapis.com/compute/v1/projects/gcptf-320808/global/networks/tf-network",
            "timeouts": null
          },
          "sensitive_attributes": [],
          "private": "eyJlMmJmYjczMC1lY2FhLTExZTYtOGY4OC0zNDM2M2JjN2M0YzAiOnsiY3JlYXRlIjoyNDAwMDAwMDAwMDAsImRlbGV0ZSI6MjQwMDAwMDAwMDAwLCJ1cGRhdGUiOjI0MDAwMDAwMDAwMH19"
        }
      ]
    },
    {
      "mode": "managed",
      "type": "google_sql_database_instance",
      "name": "master",
      "provider": "provider[\"registry.terraform.io/hashicorp/google\"]",
      "instances": [
        {
          "schema_version": 0,
          "attributes": {
            "clone": [],
            "connection_name": "gcptf-320808:us-central1:bookshelf1",
            "database_version": "MYSQL_5_6",
            "deletion_protection": true,
            "first_ip_address": "34.135.104.238",
            "id": "bookshelf1",
            "ip_address": [
              {
                "ip_address": "34.135.104.238",
                "time_to_retire": "",
                "type": "PRIMARY"
              }
            ],
            "master_instance_name": "",
            "name": "bookshelf1",
            "private_ip_address": "",
            "project": "gcptf-320808",
            "public_ip_address": "34.135.104.238",
            "region": "us-central1",
            "replica_configuration": [],
            "restore_backup_context": [],
            "root_password": null,
            "self_link": "https://sqladmin.googleapis.com/sql/v1beta4/projects/gcptf-320808/instances/bookshelf1",
            "server_ca_cert": [
              {
                "cert": "-----BEGIN CERTIFICATE-----\nMIIDfzCCAmegAwIBAgIBADANBgkqhkiG9w0BAQsFADB3MS0wKwYDVQQuEyQwMDY5\nOTQyMy01MDE4LTQyNGEtYWQ5Yy1jMGViNzIzNWYxNGYxIzAhBgNVBAMTGkdvb2ds\nZSBDbG91ZCBTUUwgU2VydmVyIENBMRQwEgYDVQQKEwtHb29nbGUsIEluYzELMAkG\nA1UEBhMCVVMwHhcNMjEwODAxMDcyNTQ3WhcNMzEwNzMwMDcyNjQ3WjB3MS0wKwYD\nVQQuEyQwMDY5OTQyMy01MDE4LTQyNGEtYWQ5Yy1jMGViNzIzNWYxNGYxIzAhBgNV\nBAMTGkdvb2dsZSBDbG91ZCBTUUwgU2VydmVyIENBMRQwEgYDVQQKEwtHb29nbGUs\nIEluYzELMAkGA1UEBhMCVVMwggEiMA0GCSqGSIb3DQEBAQUAA4IBDwAwggEKAoIB\nAQCdfDgtRlnpqfhcUG7B0TICQZ6BsdHW4nSMO8u/ux6s7xFRXnZ9lceE0bmnWNtq\nYW4dI5zFqewcl0o3xzOv8WwWEYz1lm4CFLPno6lKnQceJfaOhjvYznv8kUHRiEwd\nGMCsHNivgC2wdxfLaSln/ahuk695uu8g6xJux6Mnl9p+A8Ykh46hZO1rPZLEX8Uo\n0u47TKP0RD428iWGfP8SaQJcPHOeDrZNsZ03ApMJXPXpzbh0bfgOtFs4el0Ru2WF\nt9n+pDdoah+ux7MIdp4pCPX3cQpyS/IZ8DZGDpHV/M11hS7zR6aaTcQnPbWO3eLu\nWBg4t/eJWJiul5Cvf6o4sw/bAgMBAAGjFjAUMBIGA1UdEwEB/wQIMAYBAf8CAQAw\nDQYJKoZIhvcNAQELBQADggEBAIlG6y6JfFGjAXt3Zr4COKPuwBhc/8OCImn+T4Hf\nP75dgCdDWWVI1nHF6WpOBBquv7ZQAGuMdudthybkTYQ70ArOBbSPnkYpiOOBwyAh\n+kPPoY0s6R+yzLc5kmddoT+FDFlckmeOuCFtFEc1JFNMG73ddjfGOAOmlYkWHyvv\n/qLnp+qqg3vQwALp+Zai748fEfXIF+2icwNl/KK7v02ikmtaODRs08kkn+xyu08f\nRV8g2UY/0zuWOJpOYH/+2EP9IW2HcrxqJ/yBp11m6XGXAzHP7Os04bRisISMe1KR\nXVJKyiitn+IXvVDwQhjtZf5oGFZszscl1dnclStQRRcnu5s=\n-----END CERTIFICATE-----",
                "common_name": "C=US,O=Google\\, Inc,CN=Google Cloud SQL Server CA,dnQualifier=00699423-5018-424a-ad9c-c0eb7235f14f",
                "create_time": "2021-08-01T07:25:47.158Z",
                "expiration_time": "2031-07-30T07:26:47.158Z",
                "sha1_fingerprint": "1ec204533c55ccc07ce65ee96395b3af446a3d70"
              }
            ],
            "service_account_email_address": "p31714074129-otmawp@gcp-sa-cloud-sql.iam.gserviceaccount.com",
            "settings": [
              {
                "activation_policy": "ALWAYS",
                "authorized_gae_applications": [],
                "availability_type": "ZONAL",
                "backup_configuration": [
                  {
                    "backup_retention_settings": [
                      {
                        "retained_backups": 7,
                        "retention_unit": "COUNT"
                      }
                    ],
                    "binary_log_enabled": false,
                    "enabled": false,
                    "location": "",
                    "point_in_time_recovery_enabled": false,
                    "start_time": "03:00",
                    "transaction_log_retention_days": 7
                  }
                ],
                "crash_safe_replication": false,
                "database_flags": [],
                "disk_autoresize": true,
                "disk_autoresize_limit": 0,
                "disk_size": 10,
                "disk_type": "PD_SSD",
                "insights_config": [],
                "ip_configuration": [
                  {
                    "authorized_networks": [],
                    "ipv4_enabled": true,
                    "private_network": "",
                    "require_ssl": false
                  }
                ],
                "location_preference": [
                  {
                    "follow_gae_application": "",
                    "zone": "us-central1-f"
                  }
                ],
                "maintenance_window": [],
                "pricing_plan": "PER_USE",
                "replication_type": "SYNCHRONOUS",
                "tier": "db-g1-small",
                "user_labels": {},
                "version": 1
              }
            ],
            "timeouts": null
          },
          "sensitive_attributes": [],
          "private": "eyJlMmJmYjczMC1lY2FhLTExZTYtOGY4OC0zNDM2M2JjN2M0YzAiOnsiY3JlYXRlIjoxODAwMDAwMDAwMDAwLCJkZWxldGUiOjE4MDAwMDAwMDAwMDAsInVwZGF0ZSI6MTgwMDAwMDAwMDAwMH19"
        }
      ]
    },
    {
      "mode": "managed",
      "type": "google_storage_bucket",
      "name": "bucketforpythonapptm",
      "provider": "provider[\"registry.terraform.io/hashicorp/google\"]",
      "instances": [
        {
          "schema_version": 0,
          "attributes": {
            "bucket_policy_only": true,
            "cors": [],
            "default_event_based_hold": false,
            "encryption": [],
            "force_destroy": true,
            "id": "bucketforpythonapptm",
            "labels": {},
            "lifecycle_rule": [],
            "location": "US",
            "logging": [],
            "name": "bucketforpythonapptm",
            "project": "gcptf-320808",
            "requester_pays": false,
            "retention_policy": [],
            "self_link": "https://www.googleapis.com/storage/v1/b/bucketforpythonapptm",
            "storage_class": "STANDARD",
            "uniform_bucket_level_access": true,
            "url": "gs://bucketforpythonapptm",
            "versioning": [],
            "website": []
          },
          "sensitive_attributes": [],
          "private": "bnVsbA=="
        }
      ]
    },
    {
      "module": "module.cloud_router",
      "mode": "managed",
      "type": "google_compute_router",
      "name": "router",
      "provider": "provider[\"registry.terraform.io/hashicorp/google\"]",
      "instances": [
        {
          "schema_version": 0,
          "attributes": {
            "bgp": [],
            "creation_timestamp": "2021-07-31T23:28:49.323-07:00",
            "description": "",
            "id": "projects/gcptf-320808/regions/us-central1/routers/tf-created-router",
            "name": "tf-created-router",
            "network": "https://www.googleapis.com/compute/v1/projects/gcptf-320808/global/networks/default",
            "project": "gcptf-320808",
            "region": "us-central1",
            "self_link": "https://www.googleapis.com/compute/v1/projects/gcptf-320808/regions/us-central1/routers/tf-created-router",
            "timeouts": null
          },
          "sensitive_attributes": [],
          "private": "eyJlMmJmYjczMC1lY2FhLTExZTYtOGY4OC0zNDM2M2JjN2M0YzAiOnsiY3JlYXRlIjoyNDAwMDAwMDAwMDAsImRlbGV0ZSI6MjQwMDAwMDAwMDAwLCJ1cGRhdGUiOjI0MDAwMDAwMDAwMH19"
        }
      ]
    },
    {
      "module": "module.cloud_router",
      "mode": "managed",
      "type": "google_compute_router_nat",
      "name": "nats",
      "provider": "provider[\"registry.terraform.io/hashicorp/google\"]",
      "instances": [
        {
          "index_key": "my-tfnat-gateway",
          "schema_version": 0,
          "attributes": {
            "drain_nat_ips": [],
            "enable_endpoint_independent_mapping": true,
            "icmp_idle_timeout_sec": 30,
            "id": "gcptf-320808/us-central1/tf-created-router/my-tfnat-gateway",
            "log_config": [
              {
                "enable": true,
                "filter": "ALL"
              }
            ],
            "min_ports_per_vm": 0,
            "name": "my-tfnat-gateway",
            "nat_ip_allocate_option": "AUTO_ONLY",
            "nat_ips": [],
            "project": "gcptf-320808",
            "region": "us-central1",
            "router": "tf-created-router",
            "source_subnetwork_ip_ranges_to_nat": "ALL_SUBNETWORKS_ALL_IP_RANGES",
            "subnetwork": [],
            "tcp_established_idle_timeout_sec": 1200,
            "tcp_transitory_idle_timeout_sec": 30,
            "timeouts": null,
            "udp_idle_timeout_sec": 30
          },
          "sensitive_attributes": [],
          "private": "eyJlMmJmYjczMC1lY2FhLTExZTYtOGY4OC0zNDM2M2JjN2M0YzAiOnsiY3JlYXRlIjo2MDAwMDAwMDAwMDAsImRlbGV0ZSI6NjAwMDAwMDAwMDAwLCJ1cGRhdGUiOjYwMDAwMDAwMDAwMH19",
          "dependencies": [
            "module.cloud_router.google_compute_router.router"
          ]
        }
      ]
    }
  ]
}
